{
  "version": 4,
  "terraform_version": "1.6.4",
  "serial": 16,
  "lineage": "47ef8dda-6c41-44e1-7301-5ed8b4eb903b",
  "outputs": {},
  "resources": [
    {
      "mode": "data",
      "type": "google_firebase_web_app_config",
      "name": "example",
      "provider": "provider[\"registry.terraform.io/hashicorp/google-beta\"]",
      "instances": [
        {
          "schema_version": 0,
          "attributes": {
            "api_key": "AIzaSyCnvr-bkaNv1-JhguZY8pZpG2XpTzX54rw",
            "auth_domain": "demoapp-770a9.firebaseapp.com",
            "database_url": "",
            "id": "1:388422055111:web:65d0a91ff870230a90bae2",
            "location_id": "",
            "measurement_id": "",
            "messaging_sender_id": "388422055111",
            "project": "demoapp-770a9",
            "storage_bucket": "demoapp-770a9.firebasestorage.app",
            "web_app_id": "1:388422055111:web:65d0a91ff870230a90bae2"
          },
          "sensitive_attributes": []
        }
      ]
    },
    {
      "mode": "data",
      "type": "google_project",
      "name": "project",
      "provider": "provider[\"registry.terraform.io/hashicorp/google-beta\"]",
      "instances": [
        {
          "schema_version": 0,
          "attributes": {
            "auto_create_network": null,
            "billing_account": null,
            "deletion_policy": "DELETE",
            "effective_labels": {
              "firebase": "enabled",
              "firebase-core": "disabled"
            },
            "folder_id": null,
            "id": "projects/demoapp-770a9",
            "labels": {
              "firebase": "enabled",
              "firebase-core": "disabled"
            },
            "name": "demoapp",
            "number": "388422055111",
            "org_id": null,
            "project_id": "demoapp-770a9",
            "skip_delete": null,
            "terraform_labels": {
              "firebase": "enabled",
              "firebase-core": "disabled"
            }
          },
          "sensitive_attributes": []
        }
      ]
    },
    {
      "mode": "managed",
      "type": "google_apikeys_key",
      "name": "generativelanguage",
      "provider": "provider[\"registry.terraform.io/hashicorp/google-beta\"]",
      "instances": [
        {
          "schema_version": 0,
          "attributes": {
            "display_name": "Gemini API Key",
            "id": "projects/demoapp-770a9/locations/global/keys/gemini-api-key",
            "key_string": "AIzaSyBchXvjMCx4qBxaVDADWUEBhq_5c_h_04c",
            "name": "gemini-api-key",
            "project": "demoapp-770a9",
            "restrictions": [
              {
                "android_key_restrictions": [],
                "api_targets": [
                  {
                    "methods": null,
                    "service": "generativelanguage.googleapis.com"
                  }
                ],
                "browser_key_restrictions": [
                  {
                    "allowed_referrers": [
                      "*"
                    ]
                  }
                ],
                "ios_key_restrictions": [],
                "server_key_restrictions": []
              }
            ],
            "timeouts": null,
            "uid": "72ecb44c-68c8-43f4-a792-db0ede389ae0"
          },
          "sensitive_attributes": [],
          "private": "eyJlMmJmYjczMC1lY2FhLTExZTYtOGY4OC0zNDM2M2JjN2M0YzAiOnsiY3JlYXRlIjoxMjAwMDAwMDAwMDAwLCJkZWxldGUiOjEyMDAwMDAwMDAwMDAsInVwZGF0ZSI6MTIwMDAwMDAwMDAwMH19",
          "dependencies": [
            "google_project_service.services"
          ]
        }
      ]
    },
    {
      "mode": "managed",
      "type": "google_firebase_web_app",
      "name": "example",
      "provider": "provider[\"registry.terraform.io/hashicorp/google-beta\"]",
      "instances": [
        {
          "schema_version": 0,
          "attributes": {
            "api_key_id": "009ec14f-bbaf-4029-8403-74eb4e8c135f",
            "app_id": "1:388422055111:web:65d0a91ff870230a90bae2",
            "app_urls": [],
            "deletion_policy": "DELETE",
            "display_name": "Make It So AI!",
            "id": "projects/demoapp-770a9/webApps/1:388422055111:web:65d0a91ff870230a90bae2",
            "name": "projects/demoapp-770a9/webApps/1:388422055111:web:65d0a91ff870230a90bae2",
            "project": "demoapp-770a9",
            "timeouts": null
          },
          "sensitive_attributes": [],
          "private": "eyJlMmJmYjczMC1lY2FhLTExZTYtOGY4OC0zNDM2M2JjN2M0YzAiOnsiY3JlYXRlIjoxMjAwMDAwMDAwMDAwLCJkZWxldGUiOjEyMDAwMDAwMDAwMDAsInVwZGF0ZSI6MTIwMDAwMDAwMDAwMH19"
        }
      ]
    },
    {
      "mode": "managed",
      "type": "google_firebaserules_release",
      "name": "firestore",
      "provider": "provider[\"registry.terraform.io/hashicorp/google-beta\"]",
      "instances": [
        {
          "schema_version": 0,
          "attributes": {
            "create_time": "2025-05-01T14:18:35.273585Z",
            "disabled": false,
            "id": "projects/demoapp-770a9/releases/cloud.firestore",
            "name": "cloud.firestore",
            "project": "demoapp-770a9",
            "ruleset_name": "fbf54680-ea6c-4174-8a85-0cd6ee9d3ebe",
            "timeouts": null,
            "update_time": "2025-05-01T14:18:35.273585Z"
          },
          "sensitive_attributes": [],
          "private": "eyJlMmJmYjczMC1lY2FhLTExZTYtOGY4OC0zNDM2M2JjN2M0YzAiOnsiY3JlYXRlIjoxMjAwMDAwMDAwMDAwLCJkZWxldGUiOjEyMDAwMDAwMDAwMDB9fQ==",
          "dependencies": [
            "google_firebaserules_ruleset.firestore",
            "google_firestore_database.database",
            "google_project_service.services",
            "local_file.firestore_rules"
          ]
        }
      ]
    },
    {
      "mode": "managed",
      "type": "google_firebaserules_ruleset",
      "name": "firestore",
      "provider": "provider[\"registry.terraform.io/hashicorp/google-beta\"]",
      "instances": [
        {
          "schema_version": 0,
          "attributes": {
            "create_time": "2025-05-01T14:18:30.963116Z",
            "id": "projects/demoapp-770a9/rulesets/fbf54680-ea6c-4174-8a85-0cd6ee9d3ebe",
            "metadata": [
              {
                "services": [
                  "cloud.firestore"
                ]
              }
            ],
            "name": "fbf54680-ea6c-4174-8a85-0cd6ee9d3ebe",
            "project": "demoapp-770a9",
            "source": [
              {
                "files": [
                  {
                    "content": "service cloud.firestore {\n  match /databases/{database}/documents/{document=**} {\n    allow read, write: if request.auth != null \u0026\u0026 request.time \u003c timestamp.date(2025, 5, 31);\n  }\n}\n",
                    "fingerprint": "",
                    "name": "firestore.rules"
                  }
                ],
                "language": ""
              }
            ],
            "timeouts": null
          },
          "sensitive_attributes": [],
          "private": "eyJlMmJmYjczMC1lY2FhLTExZTYtOGY4OC0zNDM2M2JjN2M0YzAiOnsiY3JlYXRlIjoxMjAwMDAwMDAwMDAwLCJkZWxldGUiOjEyMDAwMDAwMDAwMDB9fQ==",
          "dependencies": [
            "google_firestore_database.database",
            "google_project_service.services",
            "local_file.firestore_rules"
          ]
        }
      ]
    },
    {
      "mode": "managed",
      "type": "google_firestore_database",
      "name": "database",
      "provider": "provider[\"registry.terraform.io/hashicorp/google-beta\"]",
      "instances": [
        {
          "schema_version": 0,
          "attributes": {
            "app_engine_integration_mode": "DISABLED",
            "cmek_config": [],
            "concurrency_mode": "PESSIMISTIC",
            "create_time": "",
            "delete_protection_state": "DELETE_PROTECTION_DISABLED",
            "deletion_policy": "ABANDON",
            "earliest_version_time": "2025-05-01T14:18:18.122565Z",
            "etag": "IMvk76m7go0DMMW6oaS7go0D",
            "id": "projects/demoapp-770a9/databases/(default)",
            "key_prefix": "",
            "location_id": "nam5",
            "name": "(default)",
            "point_in_time_recovery_enablement": "POINT_IN_TIME_RECOVERY_DISABLED",
            "project": "demoapp-770a9",
            "timeouts": null,
            "type": "FIRESTORE_NATIVE",
            "uid": "64da83f1-8421-4641-88fd-4c14111b00c9",
            "update_time": "",
            "version_retention_period": "3600s"
          },
          "sensitive_attributes": [],
          "private": "eyJlMmJmYjczMC1lY2FhLTExZTYtOGY4OC0zNDM2M2JjN2M0YzAiOnsiY3JlYXRlIjoxMjAwMDAwMDAwMDAwLCJkZWxldGUiOjEyMDAwMDAwMDAwMDAsInVwZGF0ZSI6MTIwMDAwMDAwMDAwMH19",
          "dependencies": [
            "google_project_service.services"
          ]
        }
      ]
    },
    {
      "mode": "managed",
      "type": "google_project_service",
      "name": "services",
      "provider": "provider[\"registry.terraform.io/hashicorp/google-beta\"]",
      "instances": [
        {
          "index_key": "apikeys.googleapis.com",
          "schema_version": 0,
          "attributes": {
            "check_if_service_has_usage_on_destroy": false,
            "disable_dependent_services": null,
            "disable_on_destroy": false,
            "id": "demoapp-770a9/apikeys.googleapis.com",
            "project": "demoapp-770a9",
            "service": "apikeys.googleapis.com",
            "timeouts": null
          },
          "sensitive_attributes": [],
          "private": "eyJlMmJmYjczMC1lY2FhLTExZTYtOGY4OC0zNDM2M2JjN2M0YzAiOnsiY3JlYXRlIjoxMjAwMDAwMDAwMDAwLCJkZWxldGUiOjEyMDAwMDAwMDAwMDAsInJlYWQiOjYwMDAwMDAwMDAwMCwidXBkYXRlIjoxMjAwMDAwMDAwMDAwfX0="
        },
        {
          "index_key": "firebaserules.googleapis.com",
          "schema_version": 0,
          "attributes": {
            "check_if_service_has_usage_on_destroy": false,
            "disable_dependent_services": null,
            "disable_on_destroy": false,
            "id": "demoapp-770a9/firebaserules.googleapis.com",
            "project": "demoapp-770a9",
            "service": "firebaserules.googleapis.com",
            "timeouts": null
          },
          "sensitive_attributes": [],
          "private": "eyJlMmJmYjczMC1lY2FhLTExZTYtOGY4OC0zNDM2M2JjN2M0YzAiOnsiY3JlYXRlIjoxMjAwMDAwMDAwMDAwLCJkZWxldGUiOjEyMDAwMDAwMDAwMDAsInJlYWQiOjYwMDAwMDAwMDAwMCwidXBkYXRlIjoxMjAwMDAwMDAwMDAwfX0="
        },
        {
          "index_key": "firestore.googleapis.com",
          "schema_version": 0,
          "attributes": {
            "check_if_service_has_usage_on_destroy": false,
            "disable_dependent_services": null,
            "disable_on_destroy": false,
            "id": "demoapp-770a9/firestore.googleapis.com",
            "project": "demoapp-770a9",
            "service": "firestore.googleapis.com",
            "timeouts": null
          },
          "sensitive_attributes": [],
          "private": "eyJlMmJmYjczMC1lY2FhLTExZTYtOGY4OC0zNDM2M2JjN2M0YzAiOnsiY3JlYXRlIjoxMjAwMDAwMDAwMDAwLCJkZWxldGUiOjEyMDAwMDAwMDAwMDAsInJlYWQiOjYwMDAwMDAwMDAwMCwidXBkYXRlIjoxMjAwMDAwMDAwMDAwfX0="
        },
        {
          "index_key": "generativelanguage.googleapis.com",
          "schema_version": 0,
          "attributes": {
            "check_if_service_has_usage_on_destroy": false,
            "disable_dependent_services": null,
            "disable_on_destroy": false,
            "id": "demoapp-770a9/generativelanguage.googleapis.com",
            "project": "demoapp-770a9",
            "service": "generativelanguage.googleapis.com",
            "timeouts": null
          },
          "sensitive_attributes": [],
          "private": "eyJlMmJmYjczMC1lY2FhLTExZTYtOGY4OC0zNDM2M2JjN2M0YzAiOnsiY3JlYXRlIjoxMjAwMDAwMDAwMDAwLCJkZWxldGUiOjEyMDAwMDAwMDAwMDAsInJlYWQiOjYwMDAwMDAwMDAwMCwidXBkYXRlIjoxMjAwMDAwMDAwMDAwfX0="
        },
        {
          "index_key": "serviceusage.googleapis.com",
          "schema_version": 0,
          "attributes": {
            "check_if_service_has_usage_on_destroy": false,
            "disable_dependent_services": null,
            "disable_on_destroy": false,
            "id": "demoapp-770a9/serviceusage.googleapis.com",
            "project": "demoapp-770a9",
            "service": "serviceusage.googleapis.com",
            "timeouts": null
          },
          "sensitive_attributes": [],
          "private": "eyJlMmJmYjczMC1lY2FhLTExZTYtOGY4OC0zNDM2M2JjN2M0YzAiOnsiY3JlYXRlIjoxMjAwMDAwMDAwMDAwLCJkZWxldGUiOjEyMDAwMDAwMDAwMDAsInJlYWQiOjYwMDAwMDAwMDAwMCwidXBkYXRlIjoxMjAwMDAwMDAwMDAwfX0="
        }
      ]
    },
    {
      "mode": "managed",
      "type": "google_service_usage_consumer_quota_override",
      "name": "generativelanguage",
      "provider": "provider[\"registry.terraform.io/hashicorp/google-beta\"]",
      "instances": [
        {
          "schema_version": 0,
          "attributes": {
            "dimensions": null,
            "force": true,
            "id": "projects/demoapp-770a9/services/generativelanguage.googleapis.com/consumerQuotaMetrics/generativelanguage.googleapis.com%2Fgenerate_requests_per_model/limits/%2Fmin%2Fmodel%2Fproject/consumerOverrides/Cg1RdW90YU92ZXJyaWRl",
            "limit": "%2Fmin%2Fmodel%2Fproject",
            "metric": "generativelanguage.googleapis.com%2Fgenerate_requests_per_model",
            "name": "Cg1RdW90YU92ZXJyaWRl",
            "override_value": "10",
            "project": "demoapp-770a9",
            "service": "generativelanguage.googleapis.com",
            "timeouts": null
          },
          "sensitive_attributes": [],
          "private": "eyJlMmJmYjczMC1lY2FhLTExZTYtOGY4OC0zNDM2M2JjN2M0YzAiOnsiY3JlYXRlIjoxMjAwMDAwMDAwMDAwLCJkZWxldGUiOjEyMDAwMDAwMDAwMDAsInVwZGF0ZSI6MTIwMDAwMDAwMDAwMH19",
          "dependencies": [
            "google_project_service.services"
          ]
        }
      ]
    },
    {
      "mode": "managed",
      "type": "local_file",
      "name": "environment_ts",
      "provider": "provider[\"registry.terraform.io/hashicorp/local\"]",
      "instances": [
        {
          "schema_version": 0,
          "attributes": {
            "content": "export const environment = {\n  firebase: {\n      apiKey: 'AIzaSyCnvr-bkaNv1-JhguZY8pZpG2XpTzX54rw',\n      authDomain: 'demoapp-770a9.firebaseapp.com',\n      databaseURL: '',\n      projectId: 'demoapp-770a9',\n      storageBucket: 'demoapp-770a9.firebasestorage.app',\n      messagingSenderId: '388422055111',\n      appId: '1:388422055111:web:65d0a91ff870230a90bae2',\n      measurementId: '',\n  },\n  gemini_api_key: 'AIzaSyBchXvjMCx4qBxaVDADWUEBhq_5c_h_04c',\n  debug_token: ''\n};",
            "content_base64": null,
            "content_base64sha256": "1VQvwU97VK/1f1AH9P8/5uxHv3JdvrZ9N3FTzSW602s=",
            "content_base64sha512": "WBKHtJ3T9Or2P/EpmUwtlZetObtIXjqxLeIKFkMETFdOO6absn83VjUSTYWlLYP9W6af9Bbgw9hxyrhGAO0N9w==",
            "content_md5": "08fda02adf2eb8ef5f11d02aab7ff793",
            "content_sha1": "867852c50f587d45c319d9cca227532083248ef7",
            "content_sha256": "d5542fc14f7b54aff57f5007f4ff3fe6ec47bf725dbeb67d377153cd25bad36b",
            "content_sha512": "581287b49dd3f4eaf63ff129994c2d9597ad39bb485e3ab12de20a1643044c574e3ba69bb27f375635124d85a52d83fd5ba69ff416e0c3d871cab84600ed0df7",
            "directory_permission": "0777",
            "file_permission": "0777",
            "filename": "./src/environments/environments.ts",
            "id": "867852c50f587d45c319d9cca227532083248ef7",
            "sensitive_content": null,
            "source": null
          },
          "sensitive_attributes": [
            [
              {
                "type": "get_attr",
                "value": "content"
              }
            ]
          ],
          "dependencies": [
            "data.google_firebase_web_app_config.example",
            "data.google_project.project",
            "google_apikeys_key.generativelanguage",
            "google_firebase_web_app.example",
            "google_project_service.services"
          ]
        }
      ]
    },
    {
      "mode": "managed",
      "type": "local_file",
      "name": "firebaserc",
      "provider": "provider[\"registry.terraform.io/hashicorp/local\"]",
      "instances": [
        {
          "schema_version": 0,
          "attributes": {
            "content": "{\"projects\":{\"default\":\"demoapp-770a9\"}}",
            "content_base64": null,
            "content_base64sha256": "AeTu3iBzV6HrI/c4pH6HI/YFZ4bRndvL3saKqKARX7s=",
            "content_base64sha512": "IzM7v60NF/dJbGs3k2Vzdsrt7pyzAx4P/rlvGdVvxxQsvSoHY1/r6FnSND66eCcMPDACc29mo2sLIc+M1O6QHw==",
            "content_md5": "83a9d2e10ae664c89f055e51b384460b",
            "content_sha1": "0401768e9709194c4efc923259a57304b4fc3db2",
            "content_sha256": "01e4eede207357a1eb23f738a47e8723f6056786d19ddbcbdec68aa8a0115fbb",
            "content_sha512": "23333bbfad0d17f7496c6b3793657376caedee9cb3031e0ffeb96f19d56fc7142cbd2a07635febe859d2343eba78270c3c3002736f66a36b0b21cf8cd4ee901f",
            "directory_permission": "0777",
            "file_permission": "0777",
            "filename": "./.firebaserc",
            "id": "0401768e9709194c4efc923259a57304b4fc3db2",
            "sensitive_content": null,
            "source": null
          },
          "sensitive_attributes": []
        }
      ]
    },
    {
      "mode": "managed",
      "type": "local_file",
      "name": "firestore_rules",
      "provider": "provider[\"registry.terraform.io/hashicorp/local\"]",
      "instances": [
        {
          "schema_version": 0,
          "attributes": {
            "content": "service cloud.firestore {\n  match /databases/{database}/documents/{document=**} {\n    allow read, write: if request.auth != null \u0026\u0026 request.time \u003c timestamp.date(2025, 5, 31);\n  }\n}\n",
            "content_base64": null,
            "content_base64sha256": "l+pNDTToPlk/vobxDMYiwCPzBtR+M8TnZoLPzKSXBVc=",
            "content_base64sha512": "9ktQW3PzmkEYiZYJ1+0d945LC0y/DE+lty4zyBKG6+vNANc6x/WEUOjJ/3aJdOXwEz1IdAYobE+iT6Z1zSxdCQ==",
            "content_md5": "43acb7f6e61e1231e39e6dd11197b590",
            "content_sha1": "4fc0e0bb765682f0aab87a4463f02a01cd49aa53",
            "content_sha256": "97ea4d0d34e83e593fbe86f10cc622c023f306d47e33c4e76682cfcca4970557",
            "content_sha512": "f64b505b73f39a4118899609d7ed1df78e4b0b4cbf0c4fa5b72e33c81286ebebcd00d73ac7f58450e8c9ff768974e5f0133d487406286c4fa24fa675cd2c5d09",
            "directory_permission": "0777",
            "file_permission": "0777",
            "filename": "./firestore.rules",
            "id": "4fc0e0bb765682f0aab87a4463f02a01cd49aa53",
            "sensitive_content": null,
            "source": null
          },
          "sensitive_attributes": []
        }
      ]
    }
  ],
  "check_results": null
}
